
Microsoft Visual Studio Solution File, Format Version 12.00
# Visual Studio 15
VisualStudioVersion = 15.0.27428.2002
MinimumVisualStudioVersion = 10.0.40219.1
Project("{FAE04EC0-301F-11D3-BF4B-00C04F79EFBC}") = "StudentCourseApp", "StudentCourseApp\StudentCourseApp.csproj", "{4BC8E638-9D9E-4755-9605-9BB758EEA371}"
EndProject
Global
	GlobalSection(SolutionConfigurationPlatforms) = preSolution
		Debug|Any CPU = Debug|Any CPU
		Release|Any CPU = Release|Any CPU
	EndGlobalSection
	GlobalSection(ProjectConfigurationPlatforms) = postSolution
		{4BC8E638-9D9E-4755-9605-9BB758EEA371}.Debug|Any CPU.ActiveCfg = Debug|Any CPU
		{4BC8E638-9D9E-4755-9605-9BB758EEA371}.Debug|Any CPU.Build.0 = Debug|Any CPU
		{4BC8E638-9D9E-4755-9605-9BB758EEA371}.Release|Any CPU.ActiveCfg = Release|Any CPU
		{4BC8E638-9D9E-4755-9605-9BB758EEA371}.Release|Any CPU.Build.0 = Release|Any CPU
	EndGlobalSection
	GlobalSection(SolutionProperties) = preSolution
		HideSolutionNode = FALSE
	EndGlobalSection
	GlobalSection(ExtensibilityGlobals) = postSolution
		SolutionGuid = {D9E868FB-F2DA-4A77-ACEE-7786F671CF24}
	EndGlobalSection
EndGlobal
